
Microsoft Visual Studio Solution File, Format Version 12.00
# Visual Studio Version 16
VisualStudioVersion = 16.0.30907.101
MinimumVisualStudioVersion = 10.0.40219.1
Project("{8BC9CEB8-8B4A-11D0-8D11-00A0C91BC942}") = "PA8Cpts122", "PA8Cpts122\PA8Cpts122.vcxproj", "{1EBF191C-0586-4BA4-AEE1-E0CF21310BB6}"
EndProject
Global
	GlobalSection(SolutionConfigurationPlatforms) = preSolution
		Debug|x64 = Debug|x64
		Debug|x86 = Debug|x86
		Release|x64 = Release|x64
		Release|x86 = Release|x86
	EndGlobalSection
	GlobalSection(ProjectConfigurationPlatforms) = postSolution
		{1EBF191C-0586-4BA4-AEE1-E0CF21310BB6}.Debug|x64.ActiveCfg = Debug|x64
		{1EBF191C-0586-4BA4-AEE1-E0CF21310BB6}.Debug|x64.Build.0 = Debug|x64
		{1EBF191C-0586-4BA4-AEE1-E0CF21310BB6}.Debug|x86.ActiveCfg = Debug|Win32
		{1EBF191C-0586-4BA4-AEE1-E0CF21310BB6}.Debug|x86.Build.0 = Debug|Win32
		{1EBF191C-0586-4BA4-AEE1-E0CF21310BB6}.Release|x64.ActiveCfg = Release|x64
		{1EBF191C-0586-4BA4-AEE1-E0CF21310BB6}.Release|x64.Build.0 = Release|x64
		{1EBF191C-0586-4BA4-AEE1-E0CF21310BB6}.Release|x86.ActiveCfg = Release|Win32
		{1EBF191C-0586-4BA4-AEE1-E0CF21310BB6}.Release|x86.Build.0 = Release|Win32
	EndGlobalSection
	GlobalSection(SolutionProperties) = preSolution
		HideSolutionNode = FALSE
	EndGlobalSection
	GlobalSection(ExtensibilityGlobals) = postSolution
		SolutionGuid = {1AC658A3-1999-4F38-A0BF-5BA3EB595F12}
	EndGlobalSection
EndGlobal
