
Microsoft Visual Studio Solution File, Format Version 12.00
# Visual Studio Version 16
VisualStudioVersion = 16.0.30907.101
MinimumVisualStudioVersion = 10.0.40219.1
Project("{8BC9CEB8-8B4A-11D0-8D11-00A0C91BC942}") = "Ghimpu_PA2", "Ghimpu_PA2\Ghimpu_PA2.vcxproj", "{271896B9-B5D7-4A81-AB24-D854BFA031B9}"
EndProject
Global
	GlobalSection(SolutionConfigurationPlatforms) = preSolution
		Debug|x64 = Debug|x64
		Debug|x86 = Debug|x86
		Release|x64 = Release|x64
		Release|x86 = Release|x86
	EndGlobalSection
	GlobalSection(ProjectConfigurationPlatforms) = postSolution
		{271896B9-B5D7-4A81-AB24-D854BFA031B9}.Debug|x64.ActiveCfg = Debug|x64
		{271896B9-B5D7-4A81-AB24-D854BFA031B9}.Debug|x64.Build.0 = Debug|x64
		{271896B9-B5D7-4A81-AB24-D854BFA031B9}.Debug|x86.ActiveCfg = Debug|Win32
		{271896B9-B5D7-4A81-AB24-D854BFA031B9}.Debug|x86.Build.0 = Debug|Win32
		{271896B9-B5D7-4A81-AB24-D854BFA031B9}.Release|x64.ActiveCfg = Release|x64
		{271896B9-B5D7-4A81-AB24-D854BFA031B9}.Release|x64.Build.0 = Release|x64
		{271896B9-B5D7-4A81-AB24-D854BFA031B9}.Release|x86.ActiveCfg = Release|Win32
		{271896B9-B5D7-4A81-AB24-D854BFA031B9}.Release|x86.Build.0 = Release|Win32
	EndGlobalSection
	GlobalSection(SolutionProperties) = preSolution
		HideSolutionNode = FALSE
	EndGlobalSection
	GlobalSection(ExtensibilityGlobals) = postSolution
		SolutionGuid = {4B9F2207-8D91-40CB-9D0B-10DBC623BF68}
	EndGlobalSection
EndGlobal
